{
    "_readme": [
        "This file locks the dependencies of your project to a known state",
        "Read more about it at https://getcomposer.org/doc/01-basic-usage.md#installing-dependencies",
        "This file is @generated automatically"
    ],
    "content-hash": "fe3bf0ca4fa0eff788dc46ef5c7c554e",
    "packages": [
        {
            "name": "szymach/c-pchart",
            "version": "v3.0.9",
            "source": {
                "type": "git",
                "url": "https://github.com/szymach/c-pchart.git",
                "reference": "c71e1d8f08037148e684dd7b7bf22a3d2eeefe06"
            },
            "dist": {
                "type": "zip",
                "url": "https://api.github.com/repos/szymach/c-pchart/zipball/c71e1d8f08037148e684dd7b7bf22a3d2eeefe06",
                "reference": "c71e1d8f08037148e684dd7b7bf22a3d2eeefe06",
                "shasum": ""
            },
            "require": {
                "ext-gd": "*",
                "php": ">=5.4"
            },
            "require-dev": {
                "codeception/codeception": "^2.4",
                "phpunit/phpunit": "^4.8|^7.1",
                "squizlabs/php_codesniffer": "^3.4"
            },
            "type": "library",
            "extra": {
                "branch-alias": {
                    "dev-master": "3.0.x-dev",
                    "2.0": "2.0.x-dev"
                }
            },
            "autoload": {
                "psr-4": {
                    "CpChart\\": "src/"
                },
                "files": [
                    "constants.php"
                ]
            },
            "notification-url": "https://packagist.org/downloads/",
            "license": [
                "GPL-3.0-only"
            ],
            "authors": [
                {
                    "name": "Jean-Damien Pogolotti",
                    "homepage": "http://www.pchart.net",
                    "role": "Creator of the original pChart library"
                },
                {
                    "name": "Piotr Szymaszek",
                    "homepage": "https://github.com/szymach",
                    "role": "Developer of the CpChart wrapper package"
                }
            ],
            "description": "Port of \"pChart\" library into PHP 5+",
            "homepage": "https://github.com/szymach/c-pchart",
            "keywords": [
                "CpChart",
                "c-pChart",
                "charts",
                "pchart",
                "statistics"
            ],
            "time": "2020-09-17T17:48:29+00:00"
        },
        {
            "name": "webklex/pchart",
            "version": "0.0.1",
            "source": {
                "type": "git",
                "url": "https://github.com/Webklex/pchart.git",
                "reference": "4a89a41f6c72f536ba7b449643a0cacb50c2e849"
            },
            "dist": {
                "type": "zip",
                "url": "https://api.github.com/repos/Webklex/pchart/zipball/4a89a41f6c72f536ba7b449643a0cacb50c2e849",
                "reference": "4a89a41f6c72f536ba7b449643a0cacb50c2e849",
                "shasum": ""
            },
            "require": {
                "php": ">=5.5.9"
            },
            "type": "library",
            "extra": {
                "branch-alias": {
                    "dev-master": "1.0-dev"
                }
            },
            "autoload": {
                "psr-4": {
                    "Webklex\\pChart\\": "src"
                }
            },
            "notification-url": "https://packagist.org/downloads/",
            "license": [
                "MIT"
            ],
            "authors": [
                {
                    "name": "Malte Goldenbaum",
                    "email": "github@webklex.com",
                    "role": "Developer"
                }
            ],
            "description": "pChart integration for frameworks such as Laravel and Symfony",
            "homepage": "https://github.com/webklex/pchart",
            "keywords": [
                "laravel",
                "pChartBundle",
                "webklex"
            ],
            "time": "2018-08-07T20:54:27+00:00"
        }
    ],
    "packages-dev": [],
    "aliases": [],
    "minimum-stability": "stable",
    "stability-flags": [],
    "prefer-stable": false,
    "prefer-lowest": false,
    "platform": [],
    "platform-dev": []
}
